
Microsoft Visual Studio Solution File, Format Version 12.00
# Visual Studio Version 17
VisualStudioVersion = 17.5.33516.290
MinimumVisualStudioVersion = 10.0.40219.1
Project("{FAE04EC0-301F-11D3-BF4B-00C04F79EFBC}") = "NTypewriter.SourceGeneratorTest", "NTypewriter.SourceGeneratorTest\NTypewriter.SourceGeneratorTest.csproj", "{5D10068A-97AD-482B-A698-5DEB62CB15B0}"
EndProject
Project("{2150E333-8FDC-42A3-9474-1A3956D46DE8}") = "Solution Items", "Solution Items", "{7E124515-4B06-4858-AF0C-D0E20706D0A4}"
	ProjectSection(SolutionItems) = preProject
		.gitignore = .gitignore
	EndProjectSection
EndProject
Global
	GlobalSection(SolutionConfigurationPlatforms) = preSolution
		Debug|Any CPU = Debug|Any CPU
		Release|Any CPU = Release|Any CPU
	EndGlobalSection
	GlobalSection(ProjectConfigurationPlatforms) = postSolution
		{5D10068A-97AD-482B-A698-5DEB62CB15B0}.Debug|Any CPU.ActiveCfg = Debug|Any CPU
		{5D10068A-97AD-482B-A698-5DEB62CB15B0}.Debug|Any CPU.Build.0 = Debug|Any CPU
		{5D10068A-97AD-482B-A698-5DEB62CB15B0}.Release|Any CPU.ActiveCfg = Release|Any CPU
		{5D10068A-97AD-482B-A698-5DEB62CB15B0}.Release|Any CPU.Build.0 = Release|Any CPU
	EndGlobalSection
	GlobalSection(SolutionProperties) = preSolution
		HideSolutionNode = FALSE
	EndGlobalSection
	GlobalSection(ExtensibilityGlobals) = postSolution
		SolutionGuid = {02973939-96B4-4F8A-8AEC-D2E1BFDC9420}
	EndGlobalSection
EndGlobal
